
Microsoft Visual Studio Solution File, Format Version 12.00
# Visual Studio Version 16
VisualStudioVersion = 16.0.29521.150
MinimumVisualStudioVersion = 10.0.40219.1
Project("{9A19103F-16F7-4668-BE54-9A1E7A4F7556}") = "Fukuten18", "Fukuten18\Fukuten18.csproj", "{A7E7D140-26FB-430E-9085-B0E4B1F9AA76}"
EndProject
Project("{2150E333-8FDC-42A3-9474-1A3956D46DE8}") = "Solution Items", "Solution Items", "{AFCE0F8A-A92F-4F59-A1F4-AED2926C722C}"
	ProjectSection(SolutionItems) = preProject
		.editorconfig = .editorconfig
		Directory.Build.props = Directory.Build.props
	EndProjectSection
EndProject
Project("{9A19103F-16F7-4668-BE54-9A1E7A4F7556}") = "Fukuten18.Core", "Fukuten18.Core\Fukuten18.Core.csproj", "{E561CF30-BBF9-433C-B15E-8FD2340E37A4}"
EndProject
Project("{FAE04EC0-301F-11D3-BF4B-00C04F79EFBC}") = "Fukuten18.Console", "Fukuten18.Console\Fukuten18.Console.csproj", "{15F4E477-BE73-4319-A020-2415448E9EAE}"
EndProject
Global
	GlobalSection(SolutionConfigurationPlatforms) = preSolution
		Debug|Any CPU = Debug|Any CPU
		Release|Any CPU = Release|Any CPU
	EndGlobalSection
	GlobalSection(ProjectConfigurationPlatforms) = postSolution
		{A7E7D140-26FB-430E-9085-B0E4B1F9AA76}.Debug|Any CPU.ActiveCfg = Debug|Any CPU
		{A7E7D140-26FB-430E-9085-B0E4B1F9AA76}.Debug|Any CPU.Build.0 = Debug|Any CPU
		{A7E7D140-26FB-430E-9085-B0E4B1F9AA76}.Release|Any CPU.ActiveCfg = Release|Any CPU
		{A7E7D140-26FB-430E-9085-B0E4B1F9AA76}.Release|Any CPU.Build.0 = Release|Any CPU
		{E561CF30-BBF9-433C-B15E-8FD2340E37A4}.Debug|Any CPU.ActiveCfg = Debug|Any CPU
		{E561CF30-BBF9-433C-B15E-8FD2340E37A4}.Debug|Any CPU.Build.0 = Debug|Any CPU
		{E561CF30-BBF9-433C-B15E-8FD2340E37A4}.Release|Any CPU.ActiveCfg = Release|Any CPU
		{E561CF30-BBF9-433C-B15E-8FD2340E37A4}.Release|Any CPU.Build.0 = Release|Any CPU
		{15F4E477-BE73-4319-A020-2415448E9EAE}.Debug|Any CPU.ActiveCfg = Debug|Any CPU
		{15F4E477-BE73-4319-A020-2415448E9EAE}.Debug|Any CPU.Build.0 = Debug|Any CPU
		{15F4E477-BE73-4319-A020-2415448E9EAE}.Release|Any CPU.ActiveCfg = Release|Any CPU
		{15F4E477-BE73-4319-A020-2415448E9EAE}.Release|Any CPU.Build.0 = Release|Any CPU
	EndGlobalSection
	GlobalSection(SolutionProperties) = preSolution
		HideSolutionNode = FALSE
	EndGlobalSection
	GlobalSection(ExtensibilityGlobals) = postSolution
		SolutionGuid = {0C20A635-B02A-429D-BAF5-4F7EE60F074D}
	EndGlobalSection
EndGlobal
